{
  "pins" : [
    {
      "identity" : "builder",
      "kind" : "remoteSourceControl",
      "location" : "https://github.com/hainayanda/Builder.git",
      "state" : {
        "revision" : "135f18c811c2e75f4a2fc8aae5e02c6c37d8d672",
        "version" : "1.0.5"
      }
    },
    {
      "identity" : "chary",
      "kind" : "remoteSourceControl",
      "location" : "https://github.com/hainayanda/Chary.git",
      "state" : {
        "revision" : "afcddefdd56cbd6df198382bd2c65c7998f8d240",
        "version" : "1.0.2"
      }
    },
    {
      "identity" : "clavier",
      "kind" : "remoteSourceControl",
      "location" : "https://github.com/hainayanda/Clavier.git",
      "state" : {
        "revision" : "acd31f2629d20b2df77ccb440ab2cb6bc2f7cfc6",
        "version" : "2.0.2"
      }
    },
    {
      "identity" : "draftsman",
      "kind" : "remoteSourceControl",
      "location" : "https://github.com/hainayanda/Draftsman",
      "state" : {
        "revision" : "4f5560ff7073e23a6d7e79680a736ff81944ca57",
        "version" : "3.0.6"
      }
    },
    {
      "identity" : "pharos",
      "kind" : "remoteSourceControl",
      "location" : "https://github.com/hainayanda/Pharos",
      "state" : {
        "revision" : "cc7f92b5f907131a61999d0674daaffe6129ddcb",
        "version" : "2.3.5"
      }
    }
  ],
  "version" : 2
}
